{
  "requires": true,
  "lockfileVersion": 1,
  "dependencies": {
    "accepts": {
      "version": "1.3.5",
      "resolved": "http://registry.npm.taobao.org/accepts/download/accepts-1.3.5.tgz",
      "integrity": "sha1-63d99gEXI6OxTopywIBcjoZ0a9I=",
      "requires": {
        "mime-types": "2.1.20",
        "negotiator": "0.6.1"
      }
    },
    "ansi-regex": {
      "version": "2.1.1",
      "resolved": "http://registry.npm.taobao.org/ansi-regex/download/ansi-regex-2.1.1.tgz",
      "integrity": "sha1-w7M6te42DYbg5ijwRorn7yfWVN8="
    },
    "ansi-styles": {
      "version": "2.2.1",
      "resolved": "http://registry.npm.taobao.org/ansi-styles/download/ansi-styles-2.2.1.tgz",
      "integrity": "sha1-tDLdM1i2NM914eRmQ2gkBTPB3b4="
    },
    "basic-auth": {
      "version": "2.0.0",
      "resolved": "http://registry.npm.taobao.org/basic-auth/download/basic-auth-2.0.0.tgz",
      "integrity": "sha1-AV2z81PgLlY3d1X5YnQuiYHnu7o=",
      "requires": {
        "safe-buffer": "5.1.1"
      },
      "dependencies": {
        "safe-buffer": {
          "version": "5.1.1",
          "resolved": "http://registry.npm.taobao.org/safe-buffer/download/safe-buffer-5.1.1.tgz",
          "integrity": "sha1-iTMSr2myEj3vcfV4iQAWce6yyFM="
        }
      }
    },
    "bluebird": {
      "version": "3.5.2",
      "resolved": "http://registry.npm.taobao.org/bluebird/download/bluebird-3.5.2.tgz",
      "integrity": "sha1-G+CQjgVKdRdUVJwnBInBUF1KsVo="
    },
    "bytes": {
      "version": "3.0.0",
      "resolved": "http://registry.npm.taobao.org/bytes/download/bytes-3.0.0.tgz",
      "integrity": "sha1-0ygVQE1olpn4Wk6k+odV3ROpYEg="
    },
    "chalk": {
      "version": "1.1.3",
      "resolved": "http://registry.npm.taobao.org/chalk/download/chalk-1.1.3.tgz",
      "integrity": "sha1-qBFcVeSnAv5NFQq9OHKCKn4J/Jg=",
      "requires": {
        "ansi-styles": "2.2.1",
        "escape-string-regexp": "1.0.5",
        "has-ansi": "2.0.0",
        "strip-ansi": "3.0.1",
        "supports-color": "2.0.0"
      }
    },
    "compressible": {
      "version": "2.0.14",
      "resolved": "http://registry.npm.taobao.org/compressible/download/compressible-2.0.14.tgz",
      "integrity": "sha1-MmxfUH+7BV9UEWeCuWmoG2einac=",
      "requires": {
        "mime-db": "1.36.0"
      }
    },
    "compression": {
      "version": "1.7.3",
      "resolved": "http://registry.npm.taobao.org/compression/download/compression-1.7.3.tgz",
      "integrity": "sha1-J+DhdqryYPfywoE8PkQK258Zk9s=",
      "requires": {
        "accepts": "1.3.5",
        "bytes": "3.0.0",
        "compressible": "2.0.14",
        "debug": "2.6.9",
        "on-headers": "1.0.1",
        "safe-buffer": "5.1.2",
        "vary": "1.1.2"
      }
    },
    "connect": {
      "version": "3.6.6",
      "resolved": "http://registry.npm.taobao.org/connect/download/connect-3.6.6.tgz",
      "integrity": "sha1-Ce/2xVr3I24TcTWnJXSFi2eG9SQ=",
      "requires": {
        "debug": "2.6.9",
        "finalhandler": "1.1.0",
        "parseurl": "1.3.2",
        "utils-merge": "1.0.1"
      }
    },
    "debug": {
      "version": "2.6.9",
      "resolved": "http://registry.npm.taobao.org/debug/download/debug-2.6.9.tgz",
      "integrity": "sha1-XRKFFd8TT/Mn6QpMk/Tgd6U2NB8=",
      "requires": {
        "ms": "2.0.0"
      }
    },
    "depd": {
      "version": "1.1.2",
      "resolved": "http://registry.npm.taobao.org/depd/download/depd-1.1.2.tgz",
      "integrity": "sha1-m81S4UwJd2PnSbJ0xDRu0uVgtak="
    },
    "destroy": {
      "version": "1.0.4",
      "resolved": "http://registry.npm.taobao.org/destroy/download/destroy-1.0.4.tgz",
      "integrity": "sha1-l4hXRCxEdJ5CBmE+N5RiBYJqvYA="
    },
    "ee-first": {
      "version": "1.1.1",
      "resolved": "http://registry.npm.taobao.org/ee-first/download/ee-first-1.1.1.tgz",
      "integrity": "sha1-WQxhFWsK4vTwJVcyoViyZrxWsh0="
    },
    "encodeurl": {
      "version": "1.0.2",
      "resolved": "http://registry.npm.taobao.org/encodeurl/download/encodeurl-1.0.2.tgz",
      "integrity": "sha1-rT/0yG7C0CkyL1oCw6mmBslbP1k="
    },
    "escape-html": {
      "version": "1.0.3",
      "resolved": "http://registry.npm.taobao.org/escape-html/download/escape-html-1.0.3.tgz",
      "integrity": "sha1-Aljq5NPQwJdN4cFpGI7wBR0dGYg="
    },
    "escape-string-regexp": {
      "version": "1.0.5",
      "resolved": "http://registry.npm.taobao.org/escape-string-regexp/download/escape-string-regexp-1.0.5.tgz",
      "integrity": "sha1-G2HAViGQqN/2rjuyzwIAyhMLhtQ="
    },
    "etag": {
      "version": "1.8.1",
      "resolved": "http://registry.npm.taobao.org/etag/download/etag-1.8.1.tgz",
      "integrity": "sha1-Qa4u62XvpiJorr/qg6x9eSmbCIc="
    },
    "finalhandler": {
      "version": "1.1.0",
      "resolved": "http://registry.npm.taobao.org/finalhandler/download/finalhandler-1.1.0.tgz",
      "integrity": "sha1-zgtoVbRYU+eRsvzGgARtiCU91/U=",
      "requires": {
        "debug": "2.6.9",
        "encodeurl": "1.0.2",
        "escape-html": "1.0.3",
        "on-finished": "2.3.0",
        "parseurl": "1.3.2",
        "statuses": "1.3.1",
        "unpipe": "1.0.0"
      }
    },
    "fresh": {
      "version": "0.5.2",
      "resolved": "http://registry.npm.taobao.org/fresh/download/fresh-0.5.2.tgz",
      "integrity": "sha1-PYyt2Q2XZWn6g1qx+OSyOhBWBac="
    },
    "has-ansi": {
      "version": "2.0.0",
      "resolved": "http://registry.npm.taobao.org/has-ansi/download/has-ansi-2.0.0.tgz",
      "integrity": "sha1-NPUEnOHs3ysGSa8+8k5F7TVBbZE=",
      "requires": {
        "ansi-regex": "2.1.1"
      }
    },
    "hexo-server": {
      "version": "0.3.3",
      "resolved": "http://registry.npm.taobao.org/hexo-server/download/hexo-server-0.3.3.tgz",
      "integrity": "sha1-uGcSl0kgv8wwV9672zXdG+bDAIA=",
      "requires": {
        "bluebird": "3.5.2",
        "chalk": "1.1.3",
        "compression": "1.7.3",
        "connect": "3.6.6",
        "mime": "1.6.0",
        "morgan": "1.9.1",
        "object-assign": "4.1.1",
        "opn": "5.3.0",
        "serve-static": "1.13.2"
      }
    },
    "http-errors": {
      "version": "1.6.3",
      "resolved": "http://registry.npm.taobao.org/http-errors/download/http-errors-1.6.3.tgz",
      "integrity": "sha1-i1VoC7S+KDoLW/TqLjhYC+HZMg0=",
      "requires": {
        "depd": "1.1.2",
        "inherits": "2.0.3",
        "setprototypeof": "1.1.0",
        "statuses": "1.5.0"
      },
      "dependencies": {
        "statuses": {
          "version": "1.5.0",
          "resolved": "http://registry.npm.taobao.org/statuses/download/statuses-1.5.0.tgz",
          "integrity": "sha1-Fhx9rBd2Wf2YEfQ3cfqZOBR4Yow="
        }
      }
    },
    "inherits": {
      "version": "2.0.3",
      "resolved": "http://registry.npm.taobao.org/inherits/download/inherits-2.0.3.tgz",
      "integrity": "sha1-Yzwsg+PaQqUC9SRmAiSA9CCCYd4="
    },
    "is-wsl": {
      "version": "1.1.0",
      "resolved": "http://registry.npm.taobao.org/is-wsl/download/is-wsl-1.1.0.tgz",
      "integrity": "sha1-HxbkqiKwTRM2tmGIpmrzxgDDpm0="
    },
    "mime": {
      "version": "1.6.0",
      "resolved": "http://registry.npm.taobao.org/mime/download/mime-1.6.0.tgz",
      "integrity": "sha1-Ms2eXGRVO9WNGaVor0Uqz/BJgbE="
    },
    "mime-db": {
      "version": "1.36.0",
      "resolved": "http://registry.npm.taobao.org/mime-db/download/mime-db-1.36.0.tgz",
      "integrity": "sha1-UCBHjbPH/pOq17vMTc+GnEM2M5c="
    },
    "mime-types": {
      "version": "2.1.20",
      "resolved": "http://registry.npm.taobao.org/mime-types/download/mime-types-2.1.20.tgz",
      "integrity": "sha1-kwy3GdVx6QNzhSD4RwkRVIyizBk=",
      "requires": {
        "mime-db": "1.36.0"
      }
    },
    "morgan": {
      "version": "1.9.1",
      "resolved": "http://registry.npm.taobao.org/morgan/download/morgan-1.9.1.tgz",
      "integrity": "sha1-Co0Wc0odmvvIJLmd+H5zjlji2lk=",
      "requires": {
        "basic-auth": "2.0.0",
        "debug": "2.6.9",
        "depd": "1.1.2",
        "on-finished": "2.3.0",
        "on-headers": "1.0.1"
      }
    },
    "ms": {
      "version": "2.0.0",
      "resolved": "http://registry.npm.taobao.org/ms/download/ms-2.0.0.tgz",
      "integrity": "sha1-VgiurfwAvmwpAd9fmGF4jeDVl8g="
    },
    "negotiator": {
      "version": "0.6.1",
      "resolved": "http://registry.npm.taobao.org/negotiator/download/negotiator-0.6.1.tgz",
      "integrity": "sha1-KzJxhOiZIQEXeyhWP7XnECrNDKk="
    },
    "object-assign": {
      "version": "4.1.1",
      "resolved": "http://registry.npm.taobao.org/object-assign/download/object-assign-4.1.1.tgz",
      "integrity": "sha1-IQmtx5ZYh8/AXLvUQsrIv7s2CGM="
    },
    "on-finished": {
      "version": "2.3.0",
      "resolved": "http://registry.npm.taobao.org/on-finished/download/on-finished-2.3.0.tgz",
      "integrity": "sha1-IPEzZIGwg811M3mSoWlxqi2QaUc=",
      "requires": {
        "ee-first": "1.1.1"
      }
    },
    "on-headers": {
      "version": "1.0.1",
      "resolved": "http://registry.npm.taobao.org/on-headers/download/on-headers-1.0.1.tgz",
      "integrity": "sha1-ko9dD0cNSTQmUepnlLCFfBAGk/c="
    },
    "opn": {
      "version": "5.3.0",
      "resolved": "http://registry.npm.taobao.org/opn/download/opn-5.3.0.tgz",
      "integrity": "sha1-ZIcVZchjh18FLP31PT48ta21Oxw=",
      "requires": {
        "is-wsl": "1.1.0"
      }
    },
    "parseurl": {
      "version": "1.3.2",
      "resolved": "http://registry.npm.taobao.org/parseurl/download/parseurl-1.3.2.tgz",
      "integrity": "sha1-/CidTtiZMRlGDBViUyYs3I3mW/M="
    },
    "range-parser": {
      "version": "1.2.0",
      "resolved": "http://registry.npm.taobao.org/range-parser/download/range-parser-1.2.0.tgz",
      "integrity": "sha1-9JvmtIeJTdxA3MlKMi9hEJLgDV4="
    },
    "safe-buffer": {
      "version": "5.1.2",
      "resolved": "http://registry.npm.taobao.org/safe-buffer/download/safe-buffer-5.1.2.tgz",
      "integrity": "sha1-mR7GnSluAxN0fVm9/St0XDX4go0="
    },
    "send": {
      "version": "0.16.2",
      "resolved": "http://registry.npm.taobao.org/send/download/send-0.16.2.tgz",
      "integrity": "sha1-bsyh4PjBVtFBWXVZhI32RzCmu8E=",
      "requires": {
        "debug": "2.6.9",
        "depd": "1.1.2",
        "destroy": "1.0.4",
        "encodeurl": "1.0.2",
        "escape-html": "1.0.3",
        "etag": "1.8.1",
        "fresh": "0.5.2",
        "http-errors": "1.6.3",
        "mime": "1.4.1",
        "ms": "2.0.0",
        "on-finished": "2.3.0",
        "range-parser": "1.2.0",
        "statuses": "1.4.0"
      },
      "dependencies": {
        "mime": {
          "version": "1.4.1",
          "resolved": "http://registry.npm.taobao.org/mime/download/mime-1.4.1.tgz",
          "integrity": "sha1-Eh+evEnjdm8xGnbh+hyAA8SwOqY="
        },
        "statuses": {
          "version": "1.4.0",
          "resolved": "http://registry.npm.taobao.org/statuses/download/statuses-1.4.0.tgz",
          "integrity": "sha1-u3PURtonlhBu/MG2AaJT1sRr0Ic="
        }
      }
    },
    "serve-static": {
      "version": "1.13.2",
      "resolved": "http://registry.npm.taobao.org/serve-static/download/serve-static-1.13.2.tgz",
      "integrity": "sha1-CV6Ecv1bRiN9tQzkhqQ/S4bGzsE=",
      "requires": {
        "encodeurl": "1.0.2",
        "escape-html": "1.0.3",
        "parseurl": "1.3.2",
        "send": "0.16.2"
      }
    },
    "setprototypeof": {
      "version": "1.1.0",
      "resolved": "http://registry.npm.taobao.org/setprototypeof/download/setprototypeof-1.1.0.tgz",
      "integrity": "sha1-0L2FU2iHtv58DYGMuWLZ2RxU5lY="
    },
    "statuses": {
      "version": "1.3.1",
      "resolved": "http://registry.npm.taobao.org/statuses/download/statuses-1.3.1.tgz",
      "integrity": "sha1-+vUbnrdKrvOzrPStX2Gr8ky3uT4="
    },
    "strip-ansi": {
      "version": "3.0.1",
      "resolved": "http://registry.npm.taobao.org/strip-ansi/download/strip-ansi-3.0.1.tgz",
      "integrity": "sha1-ajhfuIU9lS1f8F0Oiq+UJ43GPc8=",
      "requires": {
        "ansi-regex": "2.1.1"
      }
    },
    "supports-color": {
      "version": "2.0.0",
      "resolved": "http://registry.npm.taobao.org/supports-color/download/supports-color-2.0.0.tgz",
      "integrity": "sha1-U10EXOa2Nj+kARcIRimZXp3zJMc="
    },
    "unpipe": {
      "version": "1.0.0",
      "resolved": "http://registry.npm.taobao.org/unpipe/download/unpipe-1.0.0.tgz",
      "integrity": "sha1-sr9O6FFKrmFltIF4KdIbLvSZBOw="
    },
    "utils-merge": {
      "version": "1.0.1",
      "resolved": "http://registry.npm.taobao.org/utils-merge/download/utils-merge-1.0.1.tgz",
      "integrity": "sha1-n5VxD1CiZ5R7LMwSR0HBAoQn5xM="
    },
    "vary": {
      "version": "1.1.2",
      "resolved": "http://registry.npm.taobao.org/vary/download/vary-1.1.2.tgz",
      "integrity": "sha1-IpnwLG3tMNSllhsLn3RSShj2NPw="
    }
  }
}
